
Microsoft Visual Studio Solution File, Format Version 12.00
# Visual Studio 15
VisualStudioVersion = 15.0.27004.2008
MinimumVisualStudioVersion = 10.0.40219.1
Project("{FAE04EC0-301F-11D3-BF4B-00C04F79EFBC}") = "Vidly", "Vidly\Vidly.csproj", "{CA6F1607-372E-42AA-A583-F6E24D038883}"
EndProject
Global
	GlobalSection(SolutionConfigurationPlatforms) = preSolution
		Debug|Any CPU = Debug|Any CPU
		Release|Any CPU = Release|Any CPU
		Testing|Any CPU = Testing|Any CPU
	EndGlobalSection
	GlobalSection(ProjectConfigurationPlatforms) = postSolution
		{CA6F1607-372E-42AA-A583-F6E24D038883}.Debug|Any CPU.ActiveCfg = Debug|Any CPU
		{CA6F1607-372E-42AA-A583-F6E24D038883}.Debug|Any CPU.Build.0 = Debug|Any CPU
		{CA6F1607-372E-42AA-A583-F6E24D038883}.Release|Any CPU.ActiveCfg = Release|Any CPU
		{CA6F1607-372E-42AA-A583-F6E24D038883}.Release|Any CPU.Build.0 = Release|Any CPU
		{CA6F1607-372E-42AA-A583-F6E24D038883}.Testing|Any CPU.ActiveCfg = Testing|Any CPU
		{CA6F1607-372E-42AA-A583-F6E24D038883}.Testing|Any CPU.Build.0 = Testing|Any CPU
	EndGlobalSection
	GlobalSection(SolutionProperties) = preSolution
		HideSolutionNode = FALSE
	EndGlobalSection
	GlobalSection(ExtensibilityGlobals) = postSolution
		SolutionGuid = {3313F217-FD94-420E-8AE4-563941491646}
	EndGlobalSection
EndGlobal
